// !$*UTF8*$!
{
	archiveVersion = 1;
	classes = {
	};
	objectVersion = 48;
	objects = {

/* Begin PBXBuildFile section */
		148CF7091FE7CEDE00EF9D22 /* ImageFX.cl in Sources */ = {isa = PBXBuildFile; fileRef = 148CF7081FE7CEDE00EF9D22 /* ImageFX.cl */; };
		148CF70E1FE7D37600EF9D22 /* SDL.framework in Frameworks */ = {isa = PBXBuildFile; fileRef = 148CF70D1FE7D37600EF9D22 /* SDL.framework */; };
		148CF70F1FE7D53600EF9D22 /* SDL2.framework in Frameworks */ = {isa = PBXBuildFile; fileRef = 148CF70B1FE7D32400EF9D22 /* SDL2.framework */; };
/* End PBXBuildFile section */

/* Begin PBXCopyFilesBuildPhase section */
		148CF6FB1FE7CE1700EF9D22 /* CopyFiles */ = {
			isa = PBXCopyFilesBuildPhase;
			buildActionMask = 2147483647;
			dstPath = /usr/share/man/man1/;
			dstSubfolderSpec = 0;
			files = (
			);
			runOnlyForDeploymentPostprocessing = 1;
		};
/* End PBXCopyFilesBuildPhase section */

/* Begin PBXFileReference section */
		148CF6FD1FE7CE1700EF9D22 /* ImageFX */ = {isa = PBXFileReference; explicitFileType = "compiled.mach-o.executable"; includeInIndex = 0; path = ImageFX; sourceTree = BUILT_PRODUCTS_DIR; };
		148CF7071FE7CEDE00EF9D22 /* ImageFX */ = {isa = PBXFileReference; lastKnownFileType = folder; path = ImageFX; sourceTree = "<group>"; };
		148CF7081FE7CEDE00EF9D22 /* ImageFX.cl */ = {isa = PBXFileReference; fileEncoding = 4; lastKnownFileType = sourcecode.opencl; path = ImageFX.cl; sourceTree = "<group>"; };
		148CF70B1FE7D32400EF9D22 /* SDL2.framework */ = {isa = PBXFileReference; lastKnownFileType = wrapper.framework; path = SDL2.framework; sourceTree = "<group>"; };
		148CF70D1FE7D37600EF9D22 /* SDL.framework */ = {isa = PBXFileReference; lastKnownFileType = wrapper.framework; path = SDL.framework; sourceTree = "<group>"; };
/* End PBXFileReference section */

/* Begin PBXFrameworksBuildPhase section */
		148CF6FA1FE7CE1700EF9D22 /* Frameworks */ = {
			isa = PBXFrameworksBuildPhase;
			buildActionMask = 2147483647;
			files = (
				148CF70F1FE7D53600EF9D22 /* SDL2.framework in Frameworks */,
				148CF70E1FE7D37600EF9D22 /* SDL.framework in Frameworks */,
			);
			runOnlyForDeploymentPostprocessing = 0;
		};
/* End PBXFrameworksBuildPhase section */

/* Begin PBXGroup section */
		148CF6F41FE7CE1700EF9D22 = {
			isa = PBXGroup;
			children = (
				148CF7071FE7CEDE00EF9D22 /* ImageFX */,
				148CF7081FE7CEDE00EF9D22 /* ImageFX.cl */,
				148CF6FE1FE7CE1700EF9D22 /* Products */,
				148CF70A1FE7D32400EF9D22 /* Frameworks */,
			);
			sourceTree = "<group>";
		};
		148CF6FE1FE7CE1700EF9D22 /* Products */ = {
			isa = PBXGroup;
			children = (
				148CF6FD1FE7CE1700EF9D22 /* ImageFX */,
			);
			name = Products;
			sourceTree = "<group>";
		};
		148CF70A1FE7D32400EF9D22 /* Frameworks */ = {
			isa = PBXGroup;
			children = (
				148CF70D1FE7D37600EF9D22 /* SDL.framework */,
				148CF70B1FE7D32400EF9D22 /* SDL2.framework */,
			);
			name = Frameworks;
			sourceTree = "<group>";
		};
/* End PBXGroup section */

/* Begin PBXNativeTarget section */
		148CF6FC1FE7CE1700EF9D22 /* ImageFX */ = {
			isa = PBXNativeTarget;
			buildConfigurationList = 148CF7041FE7CE1700EF9D22 /* Build configuration list for PBXNativeTarget "ImageFX" */;
			buildPhases = (
				148CF6F91FE7CE1700EF9D22 /* Sources */,
				148CF6FA1FE7CE1700EF9D22 /* Frameworks */,
				148CF6FB1FE7CE1700EF9D22 /* CopyFiles */,
			);
			buildRules = (
			);
			dependencies = (
			);
			name = ImageFX;
			productName = ImageFX;
			productReference = 148CF6FD1FE7CE1700EF9D22 /* ImageFX */;
			productType = "com.apple.product-type.tool";
		};
/* End PBXNativeTarget section */

/* Begin PBXProject section */
		148CF6F51FE7CE1700EF9D22 /* Project object */ = {
			isa = PBXProject;
			attributes = {
				LastUpgradeCheck = 0920;
				ORGANIZATIONNAME = "Magnus Kaffenberger";
				TargetAttributes = {
					148CF6FC1FE7CE1700EF9D22 = {
						CreatedOnToolsVersion = 9.2;
						ProvisioningStyle = Automatic;
					};
				};
			};
			buildConfigurationList = 148CF6F81FE7CE1700EF9D22 /* Build configuration list for PBXProject "ImageFX" */;
			compatibilityVersion = "Xcode 8.0";
			developmentRegion = en;
			hasScannedForEncodings = 0;
			knownRegions = (
				en,
			);
			mainGroup = 148CF6F41FE7CE1700EF9D22;
			productRefGroup = 148CF6FE1FE7CE1700EF9D22 /* Products */;
			projectDirPath = "";
			projectRoot = "";
			targets = (
				148CF6FC1FE7CE1700EF9D22 /* ImageFX */,
			);
		};
/* End PBXProject section */

/* Begin PBXSourcesBuildPhase section */
		148CF6F91FE7CE1700EF9D22 /* Sources */ = {
			isa = PBXSourcesBuildPhase;
			buildActionMask = 2147483647;
			files = (
				148CF7091FE7CEDE00EF9D22 /* ImageFX.cl in Sources */,
			);
			runOnlyForDeploymentPostprocessing = 0;
		};
/* End PBXSourcesBuildPhase section */

/* Begin XCBuildConfiguration section */
		148CF7021FE7CE1700EF9D22 /* Debug */ = {
			isa = XCBuildConfiguration;
			buildSettings = {
				ALWAYS_SEARCH_USER_PATHS = NO;
				CLANG_ANALYZER_NONNULL = YES;
				CLANG_ANALYZER_NUMBER_OBJECT_CONVERSION = YES_AGGRESSIVE;
				CLANG_CXX_LANGUAGE_STANDARD = "gnu++14";
				CLANG_CXX_LIBRARY = "libc++";
				CLANG_ENABLE_MODULES = YES;
				CLANG_ENABLE_OBJC_ARC = YES;
				CLANG_WARN_BLOCK_CAPTURE_AUTORELEASING = YES;
				CLANG_WARN_BOOL_CONVERSION = YES;
				CLANG_WARN_COMMA = YES;
				CLANG_WARN_CONSTANT_CONVERSION = YES;
				CLANG_WARN_DIRECT_OBJC_ISA_USAGE = YES_ERROR;
				CLANG_WARN_DOCUMENTATION_COMMENTS = YES;
				CLANG_WARN_EMPTY_BODY = YES;
				CLANG_WARN_ENUM_CONVERSION = YES;
				CLANG_WARN_INFINITE_RECURSION = YES;
				CLANG_WARN_INT_CONVERSION = YES;
				CLANG_WARN_NON_LITERAL_NULL_CONVERSION = YES;
				CLANG_WARN_OBJC_LITERAL_CONVERSION = YES;
				CLANG_WARN_OBJC_ROOT_CLASS = YES_ERROR;
				CLANG_WARN_RANGE_LOOP_ANALYSIS = YES;
				CLANG_WARN_STRICT_PROTOTYPES = YES;
				CLANG_WARN_SUSPICIOUS_MOVE = YES;
				CLANG_WARN_UNGUARDED_AVAILABILITY = YES_AGGRESSIVE;
				CLANG_WARN_UNREACHABLE_CODE = YES;
				CLANG_WARN__DUPLICATE_METHOD_MATCH = YES;
				CODE_SIGN_IDENTITY = "-";
				COPY_PHASE_STRIP = NO;
				DEBUG_INFORMATION_FORMAT = dwarf;
				ENABLE_STRICT_OBJC_MSGSEND = YES;
				ENABLE_TESTABILITY = YES;
				GCC_C_LANGUAGE_STANDARD = gnu11;
				GCC_DYNAMIC_NO_PIC = NO;
				GCC_NO_COMMON_BLOCKS = YES;
				GCC_OPTIMIZATION_LEVEL = 0;
				GCC_PREPROCESSOR_DEFINITIONS = (
					"DEBUG=1",
					"$(inherited)",
				);
				GCC_WARN_64_TO_32_BIT_CONVERSION = YES;
				GCC_WARN_ABOUT_RETURN_TYPE = YES_ERROR;
				GCC_WARN_UNDECLARED_SELECTOR = YES;
				GCC_WARN_UNINITIALIZED_AUTOS = YES_AGGRESSIVE;
				GCC_WARN_UNUSED_FUNCTION = YES;
				GCC_WARN_UNUSED_VARIABLE = YES;
				MACOSX_DEPLOYMENT_TARGET = 10.12;
				MTL_ENABLE_DEBUG_INFO = YES;
				ONLY_ACTIVE_ARCH = YES;
				OTHER_LDFLAGS = "-v";
				SDKROOT = macosx;
			};
			name = Debug;
		};
		148CF7031FE7CE1700EF9D22 /* Release */ = {
			isa = XCBuildConfiguration;
			buildSettings = {
				ALWAYS_SEARCH_USER_PATHS = NO;
				CLANG_ANALYZER_NONNULL = YES;
				CLANG_ANALYZER_NUMBER_OBJECT_CONVERSION = YES_AGGRESSIVE;
				CLANG_CXX_LANGUAGE_STANDARD = "gnu++14";
				CLANG_CXX_LIBRARY = "libc++";
				CLANG_ENABLE_MODULES = YES;
				CLANG_ENABLE_OBJC_ARC = YES;
				CLANG_WARN_BLOCK_CAPTURE_AUTORELEASING = YES;
				CLANG_WARN_BOOL_CONVERSION = YES;
				CLANG_WARN_COMMA = YES;
				CLANG_WARN_CONSTANT_CONVERSION = YES;
				CLANG_WARN_DIRECT_OBJC_ISA_USAGE = YES_ERROR;
				CLANG_WARN_DOCUMENTATION_COMMENTS = YES;
				CLANG_WARN_EMPTY_BODY = YES;
				CLANG_WARN_ENUM_CONVERSION = YES;
				CLANG_WARN_INFINITE_RECURSION = YES;
				CLANG_WARN_INT_CONVERSION = YES;
				CLANG_WARN_NON_LITERAL_NULL_CONVERSION = YES;
				CLANG_WARN_OBJC_LITERAL_CONVERSION = YES;
				CLANG_WARN_OBJC_ROOT_CLASS = YES_ERROR;
				CLANG_WARN_RANGE_LOOP_ANALYSIS = YES;
				CLANG_WARN_STRICT_PROTOTYPES = YES;
				CLANG_WARN_SUSPICIOUS_MOVE = YES;
				CLANG_WARN_UNGUARDED_AVAILABILITY = YES_AGGRESSIVE;
				CLANG_WARN_UNREACHABLE_CODE = YES;
				CLANG_WARN__DUPLICATE_METHOD_MATCH = YES;
				CODE_SIGN_IDENTITY = "-";
				COPY_PHASE_STRIP = NO;
				DEBUG_INFORMATION_FORMAT = "dwarf-with-dsym";
				ENABLE_NS_ASSERTIONS = NO;
				ENABLE_STRICT_OBJC_MSGSEND = YES;
				GCC_C_LANGUAGE_STANDARD = gnu11;
				GCC_NO_COMMON_BLOCKS = YES;
				GCC_WARN_64_TO_32_BIT_CONVERSION = YES;
				GCC_WARN_ABOUT_RETURN_TYPE = YES_ERROR;
				GCC_WARN_UNDECLARED_SELECTOR = YES;
				GCC_WARN_UNINITIALIZED_AUTOS = YES_AGGRESSIVE;
				GCC_WARN_UNUSED_FUNCTION = YES;
				GCC_WARN_UNUSED_VARIABLE = YES;
				MACOSX_DEPLOYMENT_TARGET = 10.12;
				MTL_ENABLE_DEBUG_INFO = NO;
				OTHER_LDFLAGS = "-v";
				SDKROOT = macosx;
			};
			name = Release;
		};
		148CF7051FE7CE1700EF9D22 /* Debug */ = {
			isa = XCBuildConfiguration;
			buildSettings = {
				CODE_SIGN_STYLE = Automatic;
				FRAMEWORK_SEARCH_PATHS = (
					"$(inherited)",
					"$(PROJECT_DIR)",
				);
				PRODUCT_NAME = "$(TARGET_NAME)";
			};
			name = Debug;
		};
		148CF7061FE7CE1700EF9D22 /* Release */ = {
			isa = XCBuildConfiguration;
			buildSettings = {
				CODE_SIGN_STYLE = Automatic;
				FRAMEWORK_SEARCH_PATHS = (
					"$(inherited)",
					"$(PROJECT_DIR)",
				);
				PRODUCT_NAME = "$(TARGET_NAME)";
			};
			name = Release;
		};
/* End XCBuildConfiguration section */

/* Begin XCConfigurationList section */
		148CF6F81FE7CE1700EF9D22 /* Build configuration list for PBXProject "ImageFX" */ = {
			isa = XCConfigurationList;
			buildConfigurations = (
				148CF7021FE7CE1700EF9D22 /* Debug */,
				148CF7031FE7CE1700EF9D22 /* Release */,
			);
			defaultConfigurationIsVisible = 0;
			defaultConfigurationName = Release;
		};
		148CF7041FE7CE1700EF9D22 /* Build configuration list for PBXNativeTarget "ImageFX" */ = {
			isa = XCConfigurationList;
			buildConfigurations = (
				148CF7051FE7CE1700EF9D22 /* Debug */,
				148CF7061FE7CE1700EF9D22 /* Release */,
			);
			defaultConfigurationIsVisible = 0;
			defaultConfigurationName = Release;
		};
/* End XCConfigurationList section */
	};
	rootObject = 148CF6F51FE7CE1700EF9D22 /* Project object */;
}
